
Microsoft Visual Studio Solution File, Format Version 12.00
# Visual Studio 14
VisualStudioVersion = 14.0.25420.1
MinimumVisualStudioVersion = 10.0.40219.1
Project("{FAE04EC0-301F-11D3-BF4B-00C04F79EFBC}") = "C64UltimaEditor", "C64UltimaEditor\C64UltimaEditor.csproj", "{60775972-8CE2-4F9D-8FC8-D18BC4FA66FF}"
EndProject
Project("{8BC9CEB8-8B4A-11D0-8D11-00A0C91BC942}") = "DiskImageDotNet", "DiskImageDotNet\DiskImageDotNet.vcxproj", "{E1DCA6A6-997C-437D-B074-2CD530802A39}"
EndProject
Project("{8BC9CEB8-8B4A-11D0-8D11-00A0C91BC942}") = "DiskImage", "DiskImage\DiskImage.vcxproj", "{285DE539-6D46-4E23-BF4E-2036926A3457}"
EndProject
Project("{FAE04EC0-301F-11D3-BF4B-00C04F79EFBC}") = "UltimaData", "UltimaData\UltimaData.csproj", "{F5599B10-0CE4-43B8-8BBF-254E96F4FBDB}"
EndProject
Project("{FAE04EC0-301F-11D3-BF4B-00C04F79EFBC}") = "UltimaData.UnitTest", "UltimaData.UnitTest\UltimaData.UnitTest.csproj", "{ACAC1E2C-76B7-47DE-8BEE-0889DE5B0E8C}"
EndProject
Global
	GlobalSection(SolutionConfigurationPlatforms) = preSolution
		Debug|x86 = Debug|x86
		Release|x86 = Release|x86
	EndGlobalSection
	GlobalSection(ProjectConfigurationPlatforms) = postSolution
		{60775972-8CE2-4F9D-8FC8-D18BC4FA66FF}.Debug|x86.ActiveCfg = Debug|x86
		{60775972-8CE2-4F9D-8FC8-D18BC4FA66FF}.Debug|x86.Build.0 = Debug|x86
		{60775972-8CE2-4F9D-8FC8-D18BC4FA66FF}.Release|x86.ActiveCfg = Release|x86
		{60775972-8CE2-4F9D-8FC8-D18BC4FA66FF}.Release|x86.Build.0 = Release|x86
		{E1DCA6A6-997C-437D-B074-2CD530802A39}.Debug|x86.ActiveCfg = Debug|Win32
		{E1DCA6A6-997C-437D-B074-2CD530802A39}.Debug|x86.Build.0 = Debug|Win32
		{E1DCA6A6-997C-437D-B074-2CD530802A39}.Release|x86.ActiveCfg = Release|Win32
		{E1DCA6A6-997C-437D-B074-2CD530802A39}.Release|x86.Build.0 = Release|Win32
		{285DE539-6D46-4E23-BF4E-2036926A3457}.Debug|x86.ActiveCfg = Debug|Win32
		{285DE539-6D46-4E23-BF4E-2036926A3457}.Debug|x86.Build.0 = Debug|Win32
		{285DE539-6D46-4E23-BF4E-2036926A3457}.Release|x86.ActiveCfg = Release|Win32
		{285DE539-6D46-4E23-BF4E-2036926A3457}.Release|x86.Build.0 = Release|Win32
		{F5599B10-0CE4-43B8-8BBF-254E96F4FBDB}.Debug|x86.ActiveCfg = Debug|x86
		{F5599B10-0CE4-43B8-8BBF-254E96F4FBDB}.Debug|x86.Build.0 = Debug|x86
		{F5599B10-0CE4-43B8-8BBF-254E96F4FBDB}.Release|x86.ActiveCfg = Release|x86
		{F5599B10-0CE4-43B8-8BBF-254E96F4FBDB}.Release|x86.Build.0 = Release|x86
		{ACAC1E2C-76B7-47DE-8BEE-0889DE5B0E8C}.Debug|x86.ActiveCfg = Debug|x86
		{ACAC1E2C-76B7-47DE-8BEE-0889DE5B0E8C}.Debug|x86.Build.0 = Debug|x86
		{ACAC1E2C-76B7-47DE-8BEE-0889DE5B0E8C}.Release|x86.ActiveCfg = Release|x86
		{ACAC1E2C-76B7-47DE-8BEE-0889DE5B0E8C}.Release|x86.Build.0 = Release|x86
	EndGlobalSection
	GlobalSection(SolutionProperties) = preSolution
		HideSolutionNode = FALSE
	EndGlobalSection
EndGlobal
